{
  "name": "axe_html_report",
  "version": "0.0.1",
  "lockfileVersion": 1,
  "requires": true,
  "dependencies": {
    "htmlencode": {
      "version": "0.0.4",
      "resolved": "https://registry.npmjs.org/htmlencode/-/htmlencode-0.0.4.tgz",
      "integrity": "sha1-9+LWr74YqHp45jujMI51N2Z0Dj8="
    }
  }
}
